<Solution>
  <Project Path="src/PCGamingModApp/PCGamingModApp.csproj" />
    <Project Path="src\PCGamingModApp.Core\PCGamingModApp.Core.csproj" />
    <Project Path="src\PCGamingModApp.Data\PCGamingModApp.Data.csproj" />
  <Project Path="tests/PCGamingModApp.Tests.Common/PCGamingModApp.Tests.Common.csproj" />
    <Project Path="tests\PCGamingModApp.Tests.Integration\PCGamingModApp.Tests.Integration.csproj" />
    <Project Path="tests\PCGamingModApp.Tests.Unit\PCGamingModApp.Tests.Unit.csproj" />
</Solution>